{
  "name": "mad-css",
  "version": "0.0.1",
  "lockfileVersion": 3,
  "requires": true,
  "packages": {
    "": {
      "name": "mad-css",
      "version": "0.0.1",
      "license": "MIT",
      "dependencies": {
        "@zumer/snapdom": "^2.0.0-dev.4"
      }
    },
    "node_modules/@zumer/snapdom": {
      "version": "2.0.0-dev.4",
      "resolved": "https://registry.npmjs.org/@zumer/snapdom/-/snapdom-2.0.0-dev.4.tgz",
      "integrity": "sha512-aCQti3iWarYq8h3KapNu+1MeNSxR/hCOl0gCSXuNioLu3EH8FQYLArsKVNTAZXJmkGNbZDfHSQLv5iiJZHf5jQ==",
      "license": "MIT"
    }
  }
}
